
Microsoft Visual Studio Solution File, Format Version 12.00
# Visual Studio Version 16
VisualStudioVersion = 16.0.28803.202
MinimumVisualStudioVersion = 10.0.40219.1
Project("{FAE04EC0-301F-11D3-BF4B-00C04F79EFBC}") = "RestarauntRaterMVC", "RestarauntRaterMVC\RestarauntRaterMVC.csproj", "{B8906589-4060-40C6-9689-95E40F386D73}"
EndProject
Global
	GlobalSection(SolutionConfigurationPlatforms) = preSolution
		Debug|Any CPU = Debug|Any CPU
		Release|Any CPU = Release|Any CPU
	EndGlobalSection
	GlobalSection(ProjectConfigurationPlatforms) = postSolution
		{B8906589-4060-40C6-9689-95E40F386D73}.Debug|Any CPU.ActiveCfg = Debug|Any CPU
		{B8906589-4060-40C6-9689-95E40F386D73}.Debug|Any CPU.Build.0 = Debug|Any CPU
		{B8906589-4060-40C6-9689-95E40F386D73}.Release|Any CPU.ActiveCfg = Release|Any CPU
		{B8906589-4060-40C6-9689-95E40F386D73}.Release|Any CPU.Build.0 = Release|Any CPU
	EndGlobalSection
	GlobalSection(SolutionProperties) = preSolution
		HideSolutionNode = FALSE
	EndGlobalSection
	GlobalSection(ExtensibilityGlobals) = postSolution
		SolutionGuid = {C59B582A-5F6A-4D1C-BD22-19B770A98DFD}
	EndGlobalSection
EndGlobal
